{
  "name": "preview-gallery",
  "version": "1.0.0",
  "lockfileVersion": 3,
  "requires": true,
  "packages": {
    "": {
      "name": "preview-gallery",
      "version": "1.0.0",
      "license": "ISC",
      "dependencies": {
        "@playwright/browser-chromium": "^1.61.1",
        "playwright-core": "^1.61.1"
      }
    },
    "node_modules/@playwright/browser-chromium": {
      "version": "1.61.1",
      "resolved": "https://registry.npmjs.org/@playwright/browser-chromium/-/browser-chromium-1.61.1.tgz",
      "integrity": "sha512-t3/zE0i9gik5R/NpRs7G2Xo/6NPeABW6ReplGdtkeWeAkaV764CgFgoKjJo21D2xgjnvDvRYubqBUu4xl0VCqA==",
      "hasInstallScript": true,
      "license": "Apache-2.0",
      "dependencies": {
        "playwright-core": "1.61.1"
      },
      "engines": {
        "node": ">=18"
      }
    },
    "node_modules/playwright-core": {
      "version": "1.61.1",
      "resolved": "https://registry.npmjs.org/playwright-core/-/playwright-core-1.61.1.tgz",
      "integrity": "sha512-h7Qlt6m4REp25qvIdvbDtVmD4LqVXfpRxhORv9L0jzETM05p4fuPJ3dKyuSXQxDSbXnmS79HAgi9589lGSpLkg==",
      "license": "Apache-2.0",
      "bin": {
        "playwright-core": "cli.js"
      },
      "engines": {
        "node": ">=18"
      }
    }
  }
}
